<?xml version="1.0" encoding="utf-8"?>
<Project ToolsVersion="4.0" xmlns="http://schemas.microsoft.com/developer/msbuild/2003">
  <ItemGroup>
    <Filter Include="Source Files">
      <UniqueIdentifier>{4FC737F1-C7A5-4376-A066-2A32D752A2FF}</UniqueIdentifier>
      <Extensions>cpp;c;cc;cxx;c++;cppm;ixx;def;odl;idl;hpj;bat;asm;asmx</Extensions>
    </Filter>
    <Filter Include="Header Files">
      <UniqueIdentifier>{93995380-89BD-4b04-88EB-625FBE52EBFB}</UniqueIdentifier>
      <Extensions>h;hh;hpp;hxx;h++;hm;inl;inc;ipp;xsd</Extensions>
    </Filter>
  </ItemGroup>
  <ItemGroup>
    <ClCompile Include="..\ClientApplication.cpp">
      <Filter>Source Files</Filter>
    </ClCompile>
    <ClCompile Include="..\NetworkClient.cpp">
      <Filter>Source Files</Filter>
    </ClCompile>
    <ClCompile Include="..\InputMover.cpp">
      <Filter>Source Files</Filter>
    </ClCompile>
    <ClCompile Include="..\MainMenuScene.cpp">
      <Filter>Source Files</Filter>
    </ClCompile>
    <ClCompile Include="..\NetworkPacket.cpp">
      <Filter>Source Files</Filter>
    </ClCompile>
    <ClCompile Include="..\NetworkReceiver.cpp">
      <Filter>Source Files</Filter>
    </ClCompile>
    <ClCompile Include="..\NetworkRetransmissionTimeoutCalculator.cpp">
      <Filter>Source Files</Filter>
    </ClCompile>
    <ClCompile Include="..\NetworkRetransmitter.cpp">
      <Filter>Source Files</Filter>
    </ClCompile>
    <ClCompile Include="..\NetworkSocket.cpp">
      <Filter>Source Files</Filter>
    </ClCompile>
    <ClCompile Include="..\NetworkTransmitter.cpp">
      <Filter>Source Files</Filter>
    </ClCompile>
    <ClCompile Include="..\RandomNumberGenerator.cpp">
      <Filter>Source Files</Filter>
    </ClCompile>
    <ClCompile Include="..\Renderer.cpp">
      <Filter>Source Files</Filter>
    </ClCompile>
    <ClCompile Include="..\SpriteAnimation.cpp">
      <Filter>Source Files</Filter>
    </ClCompile>
    <ClCompile Include="..\SpriteSheet.cpp">
      <Filter>Source Files</Filter>
    </ClCompile>
    <ClCompile Include="..\TileGeneration.cpp">
      <Filter>Source Files</Filter>
    </ClCompile>
    <ClCompile Include="..\TutorialScene.cpp">
      <Filter>Source Files</Filter>
    </ClCompile>
    <ClCompile Include="..\UIButton.cpp">
      <Filter>Source Files</Filter>
    </ClCompile>
    <ClCompile Include="..\NetworkPool.cpp">
      <Filter>Source Files</Filter>
    </ClCompile>
  </ItemGroup>
  <ItemGroup>
    <ClInclude Include="..\NetworkClient.h">
      <Filter>Header Files</Filter>
    </ClInclude>
    <ClInclude Include="..\Enumeration.h">
      <Filter>Header Files</Filter>
    </ClInclude>
    <ClInclude Include="..\InputMover.h">
      <Filter>Header Files</Filter>
    </ClInclude>
    <ClInclude Include="..\MainMenuScene.h">
      <Filter>Header Files</Filter>
    </ClInclude>
    <ClInclude Include="..\Math.h">
      <Filter>Header Files</Filter>
    </ClInclude>
    <ClInclude Include="..\NetworkMessages.h">
      <Filter>Header Files</Filter>
    </ClInclude>
    <ClInclude Include="..\NetworkPacket.h">
      <Filter>Header Files</Filter>
    </ClInclude>
    <ClInclude Include="..\NetworkReceiver.h">
      <Filter>Header Files</Filter>
    </ClInclude>
    <ClInclude Include="..\NetworkRetransmissionTimeoutCalculator.h">
      <Filter>Header Files</Filter>
    </ClInclude>
    <ClInclude Include="..\NetworkRetransmitter.h">
      <Filter>Header Files</Filter>
    </ClInclude>
    <ClInclude Include="..\NetworkSocket.h">
      <Filter>Header Files</Filter>
    </ClInclude>
    <ClInclude Include="..\NetworkTransmitter.h">
      <Filter>Header Files</Filter>
    </ClInclude>
    <ClInclude Include="..\RandomNumberGenerator.h">
      <Filter>Header Files</Filter>
    </ClInclude>
    <ClInclude Include="..\Renderer.h">
      <Filter>Header Files</Filter>
    </ClInclude>
    <ClInclude Include="..\Scene.h">
      <Filter>Header Files</Filter>
    </ClInclude>
    <ClInclude Include="..\SceneManager.h">
      <Filter>Header Files</Filter>
    </ClInclude>
    <ClInclude Include="..\SpriteAnimation.h">
      <Filter>Header Files</Filter>
    </ClInclude>
    <ClInclude Include="..\SpriteAnimator.h">
      <Filter>Header Files</Filter>
    </ClInclude>
    <ClInclude Include="..\SpriteSheet.h">
      <Filter>Header Files</Filter>
    </ClInclude>
    <ClInclude Include="..\Tile.h">
      <Filter>Header Files</Filter>
    </ClInclude>
    <ClInclude Include="..\TileGeneration.h">
      <Filter>Header Files</Filter>
    </ClInclude>
    <ClInclude Include="..\TileMap.h">
      <Filter>Header Files</Filter>
    </ClInclude>
    <ClInclude Include="..\TutorialScene.h">
      <Filter>Header Files</Filter>
    </ClInclude>
    <ClInclude Include="..\UIButton.h">
      <Filter>Header Files</Filter>
    </ClInclude>
    <ClInclude Include="..\NetworkTrap.h">
      <Filter>Header Files</Filter>
    </ClInclude>
    <ClInclude Include="..\NetworkPool.h">
      <Filter>Header Files</Filter>
    </ClInclude>
    <ClInclude Include="..\NetworkMaxConnections.h">
      <Filter>Header Files</Filter>
    </ClInclude>
  </ItemGroup>
</Project>